
Microsoft Visual Studio Solution File, Format Version 12.00
# Visual Studio 15
VisualStudioVersion = 15.0.28307.779
MinimumVisualStudioVersion = 10.0.40219.1
Project("{2150E333-8FDC-42A3-9474-1A3956D46DE8}") = "services", "services", "{203D7E47-89D1-425B-93CA-EE9DFE3F54CB}"
EndProject
Project("{2150E333-8FDC-42A3-9474-1A3956D46DE8}") = "web", "web", "{3C716FE5-E798-4CFF-9F9D-8C4274D33C41}"
EndProject
Project("{2150E333-8FDC-42A3-9474-1A3956D46DE8}") = "src", "src", "{40A4A13A-709B-4E11-98DA-98DD0F9D2FA0}"
EndProject
Project("{9A19103F-16F7-4668-BE54-9A1E7A4F7556}") = "EventCatalogAPI", "EventCatalogAPI\EventCatalogAPI.csproj", "{1AC3BC34-EB91-4BB8-AE8B-9BE80BDCAAEA}"
EndProject
Project("{E53339B2-1760-4266-BCC7-CA923CBCF16C}") = "docker-compose", "docker-compose.dcproj", "{0AECBD2A-FEEC-4477-8A89-DAB4D22006A8}"
EndProject
Global
	GlobalSection(SolutionConfigurationPlatforms) = preSolution
		Debug|Any CPU = Debug|Any CPU
		Debug|ARM = Debug|ARM
		Debug|ARM64 = Debug|ARM64
		Debug|x64 = Debug|x64
		Debug|x86 = Debug|x86
		Release|Any CPU = Release|Any CPU
		Release|ARM = Release|ARM
		Release|ARM64 = Release|ARM64
		Release|x64 = Release|x64
		Release|x86 = Release|x86
	EndGlobalSection
	GlobalSection(ProjectConfigurationPlatforms) = postSolution
		{1AC3BC34-EB91-4BB8-AE8B-9BE80BDCAAEA}.Debug|Any CPU.ActiveCfg = Debug|Any CPU
		{1AC3BC34-EB91-4BB8-AE8B-9BE80BDCAAEA}.Debug|Any CPU.Build.0 = Debug|Any CPU
		{1AC3BC34-EB91-4BB8-AE8B-9BE80BDCAAEA}.Debug|ARM.ActiveCfg = Debug|Any CPU
		{1AC3BC34-EB91-4BB8-AE8B-9BE80BDCAAEA}.Debug|ARM.Build.0 = Debug|Any CPU
		{1AC3BC34-EB91-4BB8-AE8B-9BE80BDCAAEA}.Debug|ARM64.ActiveCfg = Debug|Any CPU
		{1AC3BC34-EB91-4BB8-AE8B-9BE80BDCAAEA}.Debug|ARM64.Build.0 = Debug|Any CPU
		{1AC3BC34-EB91-4BB8-AE8B-9BE80BDCAAEA}.Debug|x64.ActiveCfg = Debug|Any CPU
		{1AC3BC34-EB91-4BB8-AE8B-9BE80BDCAAEA}.Debug|x64.Build.0 = Debug|Any CPU
		{1AC3BC34-EB91-4BB8-AE8B-9BE80BDCAAEA}.Debug|x86.ActiveCfg = Debug|Any CPU
		{1AC3BC34-EB91-4BB8-AE8B-9BE80BDCAAEA}.Debug|x86.Build.0 = Debug|Any CPU
		{1AC3BC34-EB91-4BB8-AE8B-9BE80BDCAAEA}.Release|Any CPU.ActiveCfg = Release|Any CPU
		{1AC3BC34-EB91-4BB8-AE8B-9BE80BDCAAEA}.Release|Any CPU.Build.0 = Release|Any CPU
		{1AC3BC34-EB91-4BB8-AE8B-9BE80BDCAAEA}.Release|ARM.ActiveCfg = Release|Any CPU
		{1AC3BC34-EB91-4BB8-AE8B-9BE80BDCAAEA}.Release|ARM.Build.0 = Release|Any CPU
		{1AC3BC34-EB91-4BB8-AE8B-9BE80BDCAAEA}.Release|ARM64.ActiveCfg = Release|Any CPU
		{1AC3BC34-EB91-4BB8-AE8B-9BE80BDCAAEA}.Release|ARM64.Build.0 = Release|Any CPU
		{1AC3BC34-EB91-4BB8-AE8B-9BE80BDCAAEA}.Release|x64.ActiveCfg = Release|Any CPU
		{1AC3BC34-EB91-4BB8-AE8B-9BE80BDCAAEA}.Release|x64.Build.0 = Release|Any CPU
		{1AC3BC34-EB91-4BB8-AE8B-9BE80BDCAAEA}.Release|x86.ActiveCfg = Release|Any CPU
		{1AC3BC34-EB91-4BB8-AE8B-9BE80BDCAAEA}.Release|x86.Build.0 = Release|Any CPU
		{0AECBD2A-FEEC-4477-8A89-DAB4D22006A8}.Debug|Any CPU.ActiveCfg = Debug|Any CPU
		{0AECBD2A-FEEC-4477-8A89-DAB4D22006A8}.Debug|Any CPU.Build.0 = Debug|Any CPU
		{0AECBD2A-FEEC-4477-8A89-DAB4D22006A8}.Debug|ARM.ActiveCfg = Debug|Any CPU
		{0AECBD2A-FEEC-4477-8A89-DAB4D22006A8}.Debug|ARM.Build.0 = Debug|Any CPU
		{0AECBD2A-FEEC-4477-8A89-DAB4D22006A8}.Debug|ARM64.ActiveCfg = Debug|Any CPU
		{0AECBD2A-FEEC-4477-8A89-DAB4D22006A8}.Debug|ARM64.Build.0 = Debug|Any CPU
		{0AECBD2A-FEEC-4477-8A89-DAB4D22006A8}.Debug|x64.ActiveCfg = Debug|Any CPU
		{0AECBD2A-FEEC-4477-8A89-DAB4D22006A8}.Debug|x64.Build.0 = Debug|Any CPU
		{0AECBD2A-FEEC-4477-8A89-DAB4D22006A8}.Debug|x86.ActiveCfg = Debug|Any CPU
		{0AECBD2A-FEEC-4477-8A89-DAB4D22006A8}.Debug|x86.Build.0 = Debug|Any CPU
		{0AECBD2A-FEEC-4477-8A89-DAB4D22006A8}.Release|Any CPU.ActiveCfg = Release|Any CPU
		{0AECBD2A-FEEC-4477-8A89-DAB4D22006A8}.Release|Any CPU.Build.0 = Release|Any CPU
		{0AECBD2A-FEEC-4477-8A89-DAB4D22006A8}.Release|ARM.ActiveCfg = Release|Any CPU
		{0AECBD2A-FEEC-4477-8A89-DAB4D22006A8}.Release|ARM.Build.0 = Release|Any CPU
		{0AECBD2A-FEEC-4477-8A89-DAB4D22006A8}.Release|ARM64.ActiveCfg = Release|Any CPU
		{0AECBD2A-FEEC-4477-8A89-DAB4D22006A8}.Release|ARM64.Build.0 = Release|Any CPU
		{0AECBD2A-FEEC-4477-8A89-DAB4D22006A8}.Release|x64.ActiveCfg = Release|Any CPU
		{0AECBD2A-FEEC-4477-8A89-DAB4D22006A8}.Release|x64.Build.0 = Release|Any CPU
		{0AECBD2A-FEEC-4477-8A89-DAB4D22006A8}.Release|x86.ActiveCfg = Release|Any CPU
		{0AECBD2A-FEEC-4477-8A89-DAB4D22006A8}.Release|x86.Build.0 = Release|Any CPU
	EndGlobalSection
	GlobalSection(SolutionProperties) = preSolution
		HideSolutionNode = FALSE
	EndGlobalSection
	GlobalSection(NestedProjects) = preSolution
		{203D7E47-89D1-425B-93CA-EE9DFE3F54CB} = {40A4A13A-709B-4E11-98DA-98DD0F9D2FA0}
		{3C716FE5-E798-4CFF-9F9D-8C4274D33C41} = {40A4A13A-709B-4E11-98DA-98DD0F9D2FA0}
		{1AC3BC34-EB91-4BB8-AE8B-9BE80BDCAAEA} = {203D7E47-89D1-425B-93CA-EE9DFE3F54CB}
	EndGlobalSection
	GlobalSection(ExtensibilityGlobals) = postSolution
		SolutionGuid = {2EC9CEFC-3AA2-4C63-9E6C-5CC417F24770}
	EndGlobalSection
EndGlobal
